
Microsoft Visual Studio Solution File, Format Version 12.00
# Visual Studio Version 17
VisualStudioVersion = 17.3.32901.215
MinimumVisualStudioVersion = 10.0.40219.1
Project("{FAE04EC0-301F-11D3-BF4B-00C04F79EFBC}") = "BookLibrary", "BookLibrary\BookLibrary.csproj", "{DA16B405-C6E9-434A-A4C8-418E63F9500F}"
EndProject
Global
	GlobalSection(SolutionConfigurationPlatforms) = preSolution
		Debug|Any CPU = Debug|Any CPU
		Release|Any CPU = Release|Any CPU
	EndGlobalSection
	GlobalSection(ProjectConfigurationPlatforms) = postSolution
		{DA16B405-C6E9-434A-A4C8-418E63F9500F}.Debug|Any CPU.ActiveCfg = Debug|Any CPU
		{DA16B405-C6E9-434A-A4C8-418E63F9500F}.Debug|Any CPU.Build.0 = Debug|Any CPU
		{DA16B405-C6E9-434A-A4C8-418E63F9500F}.Release|Any CPU.ActiveCfg = Release|Any CPU
		{DA16B405-C6E9-434A-A4C8-418E63F9500F}.Release|Any CPU.Build.0 = Release|Any CPU
	EndGlobalSection
	GlobalSection(SolutionProperties) = preSolution
		HideSolutionNode = FALSE
	EndGlobalSection
	GlobalSection(ExtensibilityGlobals) = postSolution
		SolutionGuid = {2E638221-7DE6-4EA3-AD12-E755C3808DD9}
	EndGlobalSection
EndGlobal
